// !$*UTF8*$!
{
	archiveVersion = 1;
	classes = {
	};
	objectVersion = 46;
	objects = {

/* Begin PBXBuildFile section */
		11599A4BFF9D6D6039D3C811 /* libPods-BeThink.a in Frameworks */ = {isa = PBXBuildFile; fileRef = 12F06DF3AE40C12F04425BDA /* libPods-BeThink.a */; };
		BC7E4D681BB370FF0035D24B /* BTBookViewController.m in Sources */ = {isa = PBXBuildFile; fileRef = BC7E4D671BB370FF0035D24B /* BTBookViewController.m */; settings = {ASSET_TAGS = (); }; };
		BCC743941BA9CEF200A3FE1D /* main.m in Sources */ = {isa = PBXBuildFile; fileRef = BCC743931BA9CEF200A3FE1D /* main.m */; };
		BCC743971BA9CEF200A3FE1D /* AppDelegate.m in Sources */ = {isa = PBXBuildFile; fileRef = BCC743961BA9CEF200A3FE1D /* AppDelegate.m */; };
		BCC743991BA9CEF200A3FE1D /* Images.xcassets in Resources */ = {isa = PBXBuildFile; fileRef = BCC743981BA9CEF200A3FE1D /* Images.xcassets */; };
		BCC7439C1BA9CEF200A3FE1D /* LaunchScreen.xib in Resources */ = {isa = PBXBuildFile; fileRef = BCC7439A1BA9CEF200A3FE1D /* LaunchScreen.xib */; };
		BCC743A81BA9CEF200A3FE1D /* BeThinkTests.m in Sources */ = {isa = PBXBuildFile; fileRef = BCC743A71BA9CEF200A3FE1D /* BeThinkTests.m */; };
		BCC743B21BA9CF2600A3FE1D /* MainStoryboard.storyboard in Resources */ = {isa = PBXBuildFile; fileRef = BCC743B11BA9CF2600A3FE1D /* MainStoryboard.storyboard */; };
		BCC743B61BA9D24300A3FE1D /* TabBar_BookShelf.png in Resources */ = {isa = PBXBuildFile; fileRef = BCC743B31BA9D24300A3FE1D /* TabBar_BookShelf.png */; };
		BCC743B71BA9D24300A3FE1D /* TabBar_Search.png in Resources */ = {isa = PBXBuildFile; fileRef = BCC743B41BA9D24300A3FE1D /* TabBar_Search.png */; };
		BCC743B81BA9D24300A3FE1D /* TabBar_Settings.png in Resources */ = {isa = PBXBuildFile; fileRef = BCC743B51BA9D24300A3FE1D /* TabBar_Settings.png */; };
		BCC743BC1BAA512100A3FE1D /* BookShelfCollectionViewController.m in Sources */ = {isa = PBXBuildFile; fileRef = BCC743BB1BAA512100A3FE1D /* BookShelfCollectionViewController.m */; };
		BCC743BF1BAA6C0700A3FE1D /* Bolts.framework in Frameworks */ = {isa = PBXBuildFile; fileRef = BCC743BD1BAA6C0700A3FE1D /* Bolts.framework */; };
		BCC743C01BAA6C0700A3FE1D /* Parse.framework in Frameworks */ = {isa = PBXBuildFile; fileRef = BCC743BE1BAA6C0700A3FE1D /* Parse.framework */; };
		BCC743CC1BAA6CDE00A3FE1D /* AudioToolbox.framework in Frameworks */ = {isa = PBXBuildFile; fileRef = BCC743C21BAA6CDE00A3FE1D /* AudioToolbox.framework */; };
		BCC743CD1BAA6CDE00A3FE1D /* CFNetwork.framework in Frameworks */ = {isa = PBXBuildFile; fileRef = BCC743C31BAA6CDE00A3FE1D /* CFNetwork.framework */; };
		BCC743CE1BAA6CDE00A3FE1D /* CoreGraphics.framework in Frameworks */ = {isa = PBXBuildFile; fileRef = BCC743C41BAA6CDE00A3FE1D /* CoreGraphics.framework */; };
		BCC743CF1BAA6CDE00A3FE1D /* CoreLocation.framework in Frameworks */ = {isa = PBXBuildFile; fileRef = BCC743C51BAA6CDE00A3FE1D /* CoreLocation.framework */; };
		BCC743D01BAA6CDE00A3FE1D /* libsqlite3.dylib in Frameworks */ = {isa = PBXBuildFile; fileRef = BCC743C61BAA6CDE00A3FE1D /* libsqlite3.dylib */; };
		BCC743D11BAA6CDE00A3FE1D /* libz.dylib in Frameworks */ = {isa = PBXBuildFile; fileRef = BCC743C71BAA6CDE00A3FE1D /* libz.dylib */; };
		BCC743D21BAA6CDE00A3FE1D /* QuartzCore.framework in Frameworks */ = {isa = PBXBuildFile; fileRef = BCC743C81BAA6CDE00A3FE1D /* QuartzCore.framework */; };
		BCC743D31BAA6CDE00A3FE1D /* Security.framework in Frameworks */ = {isa = PBXBuildFile; fileRef = BCC743C91BAA6CDE00A3FE1D /* Security.framework */; };
		BCC743D41BAA6CDE00A3FE1D /* StoreKit.framework in Frameworks */ = {isa = PBXBuildFile; fileRef = BCC743CA1BAA6CDE00A3FE1D /* StoreKit.framework */; };
		BCC743D51BAA6CDE00A3FE1D /* SystemConfiguration.framework in Frameworks */ = {isa = PBXBuildFile; fileRef = BCC743CB1BAA6CDE00A3FE1D /* SystemConfiguration.framework */; };
		BCC743D81BAA6F3300A3FE1D /* LoginViewController.m in Sources */ = {isa = PBXBuildFile; fileRef = BCC743D71BAA6F3300A3FE1D /* LoginViewController.m */; };
		BCC743DB1BAA6F4F00A3FE1D /* SignUpViewController.m in Sources */ = {isa = PBXBuildFile; fileRef = BCC743DA1BAA6F4E00A3FE1D /* SignUpViewController.m */; };
		BCC743DE1BAA802800A3FE1D /* SettingsViewController.m in Sources */ = {isa = PBXBuildFile; fileRef = BCC743DD1BAA802800A3FE1D /* SettingsViewController.m */; };
		BCCBFFB81BBB26840070C4E4 /* BookShelfDataSource.m in Sources */ = {isa = PBXBuildFile; fileRef = BCCBFFB71BBB26840070C4E4 /* BookShelfDataSource.m */; settings = {ASSET_TAGS = (); }; };
		BCD1B4B71BB0564A0094C42A /* BookCollectionViewCell.m in Sources */ = {isa = PBXBuildFile; fileRef = BCD1B4B61BB0564A0094C42A /* BookCollectionViewCell.m */; };
		BCD1B4BA1BB0BF8E0094C42A /* BTSearchViewController.m in Sources */ = {isa = PBXBuildFile; fileRef = BCD1B4B91BB0BF8E0094C42A /* BTSearchViewController.m */; };
		BCD1B4BD1BB0C0DE0094C42A /* BTResultsDataSource.m in Sources */ = {isa = PBXBuildFile; fileRef = BCD1B4BC1BB0C0DE0094C42A /* BTResultsDataSource.m */; };
		BCD1B4C01BB0C4F60094C42A /* BTAPIClient.m in Sources */ = {isa = PBXBuildFile; fileRef = BCD1B4BF1BB0C4F60094C42A /* BTAPIClient.m */; };
		BCD1B4C31BB0D4C80094C42A /* BookModel.m in Sources */ = {isa = PBXBuildFile; fileRef = BCD1B4C21BB0D4C80094C42A /* BookModel.m */; };
		BCD1B4C71BB0DDB00094C42A /* BTBookCollectionViewCell.m in Sources */ = {isa = PBXBuildFile; fileRef = BCD1B4C51BB0DDB00094C42A /* BTBookCollectionViewCell.m */; };
		BCD1B5031BB2FAE20094C42A /* BTBookCollectionViewCell.xib in Resources */ = {isa = PBXBuildFile; fileRef = BCD1B5021BB2FAE20094C42A /* BTBookCollectionViewCell.xib */; };
/* End PBXBuildFile section */

/* Begin PBXContainerItemProxy section */
		BCC743A21BA9CEF200A3FE1D /* PBXContainerItemProxy */ = {
			isa = PBXContainerItemProxy;
			containerPortal = BCC743861BA9CEF200A3FE1D /* Project object */;
			proxyType = 1;
			remoteGlobalIDString = BCC7438D1BA9CEF200A3FE1D;
			remoteInfo = BeThink;
		};
/* End PBXContainerItemProxy section */

/* Begin PBXFileReference section */
		12F06DF3AE40C12F04425BDA /* libPods-BeThink.a */ = {isa = PBXFileReference; explicitFileType = archive.ar; includeInIndex = 0; path = "libPods-BeThink.a"; sourceTree = BUILT_PRODUCTS_DIR; };
		80CCF2845155E4037D629294 /* Pods-BeThink.release.xcconfig */ = {isa = PBXFileReference; includeInIndex = 1; lastKnownFileType = text.xcconfig; name = "Pods-BeThink.release.xcconfig"; path = "Pods/Target Support Files/Pods-BeThink/Pods-BeThink.release.xcconfig"; sourceTree = "<group>"; };
		B8178744FB6E07E80CFC0CDE /* Pods-BeThink.debug.xcconfig */ = {isa = PBXFileReference; includeInIndex = 1; lastKnownFileType = text.xcconfig; name = "Pods-BeThink.debug.xcconfig"; path = "Pods/Target Support Files/Pods-BeThink/Pods-BeThink.debug.xcconfig"; sourceTree = "<group>"; };
		BC7E4D661BB370FF0035D24B /* BTBookViewController.h */ = {isa = PBXFileReference; fileEncoding = 4; lastKnownFileType = sourcecode.c.h; path = BTBookViewController.h; sourceTree = "<group>"; };
		BC7E4D671BB370FF0035D24B /* BTBookViewController.m */ = {isa = PBXFileReference; fileEncoding = 4; lastKnownFileType = sourcecode.c.objc; path = BTBookViewController.m; sourceTree = "<group>"; };
		BCC7438E1BA9CEF200A3FE1D /* BeThink.app */ = {isa = PBXFileReference; explicitFileType = wrapper.application; includeInIndex = 0; path = BeThink.app; sourceTree = BUILT_PRODUCTS_DIR; };
		BCC743921BA9CEF200A3FE1D /* Info.plist */ = {isa = PBXFileReference; lastKnownFileType = text.plist.xml; path = Info.plist; sourceTree = "<group>"; };
		BCC743931BA9CEF200A3FE1D /* main.m */ = {isa = PBXFileReference; lastKnownFileType = sourcecode.c.objc; path = main.m; sourceTree = "<group>"; };
		BCC743951BA9CEF200A3FE1D /* AppDelegate.h */ = {isa = PBXFileReference; lastKnownFileType = sourcecode.c.h; path = AppDelegate.h; sourceTree = "<group>"; };
		BCC743961BA9CEF200A3FE1D /* AppDelegate.m */ = {isa = PBXFileReference; lastKnownFileType = sourcecode.c.objc; path = AppDelegate.m; sourceTree = "<group>"; };
		BCC743981BA9CEF200A3FE1D /* Images.xcassets */ = {isa = PBXFileReference; lastKnownFileType = folder.assetcatalog; path = Images.xcassets; sourceTree = "<group>"; };
		BCC7439B1BA9CEF200A3FE1D /* Base */ = {isa = PBXFileReference; lastKnownFileType = file.xib; name = Base; path = Base.lproj/LaunchScreen.xib; sourceTree = "<group>"; };
		BCC743A11BA9CEF200A3FE1D /* BeThinkTests.xctest */ = {isa = PBXFileReference; explicitFileType = wrapper.cfbundle; includeInIndex = 0; path = BeThinkTests.xctest; sourceTree = BUILT_PRODUCTS_DIR; };
		BCC743A61BA9CEF200A3FE1D /* Info.plist */ = {isa = PBXFileReference; lastKnownFileType = text.plist.xml; path = Info.plist; sourceTree = "<group>"; };
		BCC743A71BA9CEF200A3FE1D /* BeThinkTests.m */ = {isa = PBXFileReference; lastKnownFileType = sourcecode.c.objc; path = BeThinkTests.m; sourceTree = "<group>"; };
		BCC743B11BA9CF2600A3FE1D /* MainStoryboard.storyboard */ = {isa = PBXFileReference; fileEncoding = 4; lastKnownFileType = file.storyboard; name = MainStoryboard.storyboard; path = ../MainStoryboard.storyboard; sourceTree = "<group>"; };
		BCC743B31BA9D24300A3FE1D /* TabBar_BookShelf.png */ = {isa = PBXFileReference; lastKnownFileType = image.png; path = TabBar_BookShelf.png; sourceTree = "<group>"; };
		BCC743B41BA9D24300A3FE1D /* TabBar_Search.png */ = {isa = PBXFileReference; lastKnownFileType = image.png; path = TabBar_Search.png; sourceTree = "<group>"; };
		BCC743B51BA9D24300A3FE1D /* TabBar_Settings.png */ = {isa = PBXFileReference; lastKnownFileType = image.png; path = TabBar_Settings.png; sourceTree = "<group>"; };
		BCC743BA1BAA512100A3FE1D /* BookShelfCollectionViewController.h */ = {isa = PBXFileReference; fileEncoding = 4; lastKnownFileType = sourcecode.c.h; path = BookShelfCollectionViewController.h; sourceTree = "<group>"; };
		BCC743BB1BAA512100A3FE1D /* BookShelfCollectionViewController.m */ = {isa = PBXFileReference; fileEncoding = 4; lastKnownFileType = sourcecode.c.objc; path = BookShelfCollectionViewController.m; sourceTree = "<group>"; };
		BCC743BD1BAA6C0700A3FE1D /* Bolts.framework */ = {isa = PBXFileReference; lastKnownFileType = wrapper.framework; path = Bolts.framework; sourceTree = "<group>"; };
		BCC743BE1BAA6C0700A3FE1D /* Parse.framework */ = {isa = PBXFileReference; lastKnownFileType = wrapper.framework; path = Parse.framework; sourceTree = "<group>"; };
		BCC743C21BAA6CDE00A3FE1D /* AudioToolbox.framework */ = {isa = PBXFileReference; lastKnownFileType = wrapper.framework; name = AudioToolbox.framework; path = System/Library/Frameworks/AudioToolbox.framework; sourceTree = SDKROOT; };
		BCC743C31BAA6CDE00A3FE1D /* CFNetwork.framework */ = {isa = PBXFileReference; lastKnownFileType = wrapper.framework; name = CFNetwork.framework; path = System/Library/Frameworks/CFNetwork.framework; sourceTree = SDKROOT; };
		BCC743C41BAA6CDE00A3FE1D /* CoreGraphics.framework */ = {isa = PBXFileReference; lastKnownFileType = wrapper.framework; name = CoreGraphics.framework; path = System/Library/Frameworks/CoreGraphics.framework; sourceTree = SDKROOT; };
		BCC743C51BAA6CDE00A3FE1D /* CoreLocation.framework */ = {isa = PBXFileReference; lastKnownFileType = wrapper.framework; name = CoreLocation.framework; path = System/Library/Frameworks/CoreLocation.framework; sourceTree = SDKROOT; };
		BCC743C61BAA6CDE00A3FE1D /* libsqlite3.dylib */ = {isa = PBXFileReference; lastKnownFileType = "compiled.mach-o.dylib"; name = libsqlite3.dylib; path = usr/lib/libsqlite3.dylib; sourceTree = SDKROOT; };
		BCC743C71BAA6CDE00A3FE1D /* libz.dylib */ = {isa = PBXFileReference; lastKnownFileType = "compiled.mach-o.dylib"; name = libz.dylib; path = usr/lib/libz.dylib; sourceTree = SDKROOT; };
		BCC743C81BAA6CDE00A3FE1D /* QuartzCore.framework */ = {isa = PBXFileReference; lastKnownFileType = wrapper.framework; name = QuartzCore.framework; path = System/Library/Frameworks/QuartzCore.framework; sourceTree = SDKROOT; };
		BCC743C91BAA6CDE00A3FE1D /* Security.framework */ = {isa = PBXFileReference; lastKnownFileType = wrapper.framework; name = Security.framework; path = System/Library/Frameworks/Security.framework; sourceTree = SDKROOT; };
		BCC743CA1BAA6CDE00A3FE1D /* StoreKit.framework */ = {isa = PBXFileReference; lastKnownFileType = wrapper.framework; name = StoreKit.framework; path = System/Library/Frameworks/StoreKit.framework; sourceTree = SDKROOT; };
		BCC743CB1BAA6CDE00A3FE1D /* SystemConfiguration.framework */ = {isa = PBXFileReference; lastKnownFileType = wrapper.framework; name = SystemConfiguration.framework; path = System/Library/Frameworks/SystemConfiguration.framework; sourceTree = SDKROOT; };
		BCC743D61BAA6F3300A3FE1D /* LoginViewController.h */ = {isa = PBXFileReference; fileEncoding = 4; lastKnownFileType = sourcecode.c.h; path = LoginViewController.h; sourceTree = "<group>"; };
		BCC743D71BAA6F3300A3FE1D /* LoginViewController.m */ = {isa = PBXFileReference; fileEncoding = 4; lastKnownFileType = sourcecode.c.objc; path = LoginViewController.m; sourceTree = "<group>"; };
		BCC743D91BAA6F4E00A3FE1D /* SignUpViewController.h */ = {isa = PBXFileReference; fileEncoding = 4; lastKnownFileType = sourcecode.c.h; path = SignUpViewController.h; sourceTree = "<group>"; };
		BCC743DA1BAA6F4E00A3FE1D /* SignUpViewController.m */ = {isa = PBXFileReference; fileEncoding = 4; lastKnownFileType = sourcecode.c.objc; path = SignUpViewController.m; sourceTree = "<group>"; };
		BCC743DC1BAA802800A3FE1D /* SettingsViewController.h */ = {isa = PBXFileReference; fileEncoding = 4; lastKnownFileType = sourcecode.c.h; path = SettingsViewController.h; sourceTree = "<group>"; };
		BCC743DD1BAA802800A3FE1D /* SettingsViewController.m */ = {isa = PBXFileReference; fileEncoding = 4; lastKnownFileType = sourcecode.c.objc; path = SettingsViewController.m; sourceTree = "<group>"; };
		BCCBFFB61BBB26840070C4E4 /* BookShelfDataSource.h */ = {isa = PBXFileReference; fileEncoding = 4; lastKnownFileType = sourcecode.c.h; path = BookShelfDataSource.h; sourceTree = "<group>"; };
		BCCBFFB71BBB26840070C4E4 /* BookShelfDataSource.m */ = {isa = PBXFileReference; fileEncoding = 4; lastKnownFileType = sourcecode.c.objc; path = BookShelfDataSource.m; sourceTree = "<group>"; };
		BCD1B4B51BB0564A0094C42A /* BookCollectionViewCell.h */ = {isa = PBXFileReference; fileEncoding = 4; lastKnownFileType = sourcecode.c.h; path = BookCollectionViewCell.h; sourceTree = "<group>"; };
		BCD1B4B61BB0564A0094C42A /* BookCollectionViewCell.m */ = {isa = PBXFileReference; fileEncoding = 4; lastKnownFileType = sourcecode.c.objc; path = BookCollectionViewCell.m; sourceTree = "<group>"; };
		BCD1B4B81BB0BF8E0094C42A /* BTSearchViewController.h */ = {isa = PBXFileReference; fileEncoding = 4; lastKnownFileType = sourcecode.c.h; path = BTSearchViewController.h; sourceTree = "<group>"; };
		BCD1B4B91BB0BF8E0094C42A /* BTSearchViewController.m */ = {isa = PBXFileReference; fileEncoding = 4; lastKnownFileType = sourcecode.c.objc; path = BTSearchViewController.m; sourceTree = "<group>"; };
		BCD1B4BB1BB0C0DE0094C42A /* BTResultsDataSource.h */ = {isa = PBXFileReference; fileEncoding = 4; lastKnownFileType = sourcecode.c.h; path = BTResultsDataSource.h; sourceTree = "<group>"; };
		BCD1B4BC1BB0C0DE0094C42A /* BTResultsDataSource.m */ = {isa = PBXFileReference; fileEncoding = 4; lastKnownFileType = sourcecode.c.objc; path = BTResultsDataSource.m; sourceTree = "<group>"; };
		BCD1B4BE1BB0C4F60094C42A /* BTAPIClient.h */ = {isa = PBXFileReference; fileEncoding = 4; lastKnownFileType = sourcecode.c.h; path = BTAPIClient.h; sourceTree = "<group>"; };
		BCD1B4BF1BB0C4F60094C42A /* BTAPIClient.m */ = {isa = PBXFileReference; fileEncoding = 4; lastKnownFileType = sourcecode.c.objc; path = BTAPIClient.m; sourceTree = "<group>"; };
		BCD1B4C11BB0D4C80094C42A /* BookModel.h */ = {isa = PBXFileReference; fileEncoding = 4; lastKnownFileType = sourcecode.c.h; path = BookModel.h; sourceTree = "<group>"; };
		BCD1B4C21BB0D4C80094C42A /* BookModel.m */ = {isa = PBXFileReference; fileEncoding = 4; lastKnownFileType = sourcecode.c.objc; path = BookModel.m; sourceTree = "<group>"; };
		BCD1B4C41BB0DDB00094C42A /* BTBookCollectionViewCell.h */ = {isa = PBXFileReference; fileEncoding = 4; lastKnownFileType = sourcecode.c.h; path = BTBookCollectionViewCell.h; sourceTree = "<group>"; };
		BCD1B4C51BB0DDB00094C42A /* BTBookCollectionViewCell.m */ = {isa = PBXFileReference; fileEncoding = 4; lastKnownFileType = sourcecode.c.objc; path = BTBookCollectionViewCell.m; sourceTree = "<group>"; };
		BCD1B5021BB2FAE20094C42A /* BTBookCollectionViewCell.xib */ = {isa = PBXFileReference; fileEncoding = 4; lastKnownFileType = file.xib; path = BTBookCollectionViewCell.xib; sourceTree = "<group>"; };
/* End PBXFileReference section */

/* Begin PBXFrameworksBuildPhase section */
		BCC7438B1BA9CEF200A3FE1D /* Frameworks */ = {
			isa = PBXFrameworksBuildPhase;
			buildActionMask = 2147483647;
			files = (
				BCC743CD1BAA6CDE00A3FE1D /* CFNetwork.framework in Frameworks */,
				BCC743CC1BAA6CDE00A3FE1D /* AudioToolbox.framework in Frameworks */,
				BCC743CE1BAA6CDE00A3FE1D /* CoreGraphics.framework in Frameworks */,
				BCC743CF1BAA6CDE00A3FE1D /* CoreLocation.framework in Frameworks */,
				BCC743D01BAA6CDE00A3FE1D /* libsqlite3.dylib in Frameworks */,
				BCC743D11BAA6CDE00A3FE1D /* libz.dylib in Frameworks */,
				BCC743D21BAA6CDE00A3FE1D /* QuartzCore.framework in Frameworks */,
				BCC743D31BAA6CDE00A3FE1D /* Security.framework in Frameworks */,
				BCC743D41BAA6CDE00A3FE1D /* StoreKit.framework in Frameworks */,
				BCC743D51BAA6CDE00A3FE1D /* SystemConfiguration.framework in Frameworks */,
				BCC743C01BAA6C0700A3FE1D /* Parse.framework in Frameworks */,
				BCC743BF1BAA6C0700A3FE1D /* Bolts.framework in Frameworks */,
				11599A4BFF9D6D6039D3C811 /* libPods-BeThink.a in Frameworks */,
			);
			runOnlyForDeploymentPostprocessing = 0;
		};
		BCC7439E1BA9CEF200A3FE1D /* Frameworks */ = {
			isa = PBXFrameworksBuildPhase;
			buildActionMask = 2147483647;
			files = (
			);
			runOnlyForDeploymentPostprocessing = 0;
		};
/* End PBXFrameworksBuildPhase section */

/* Begin PBXGroup section */
		BCC743851BA9CEF200A3FE1D = {
			isa = PBXGroup;
			children = (
				BCC743901BA9CEF200A3FE1D /* BeThink */,
				BCC743A41BA9CEF200A3FE1D /* BeThinkTests */,
				BCC7438F1BA9CEF200A3FE1D /* Products */,
				BCC743C11BAA6C3300A3FE1D /* Frameworks */,
				F4C580E289E79893D779B7AF /* Pods */,
			);
			sourceTree = "<group>";
		};
		BCC7438F1BA9CEF200A3FE1D /* Products */ = {
			isa = PBXGroup;
			children = (
				BCC7438E1BA9CEF200A3FE1D /* BeThink.app */,
				BCC743A11BA9CEF200A3FE1D /* BeThinkTests.xctest */,
			);
			name = Products;
			sourceTree = "<group>";
		};
		BCC743901BA9CEF200A3FE1D /* BeThink */ = {
			isa = PBXGroup;
			children = (
				BCC743951BA9CEF200A3FE1D /* AppDelegate.h */,
				BCC743961BA9CEF200A3FE1D /* AppDelegate.m */,
				BCC743BA1BAA512100A3FE1D /* BookShelfCollectionViewController.h */,
				BCC743BB1BAA512100A3FE1D /* BookShelfCollectionViewController.m */,
				BCCBFFB61BBB26840070C4E4 /* BookShelfDataSource.h */,
				BCCBFFB71BBB26840070C4E4 /* BookShelfDataSource.m */,
				BCD1B4B51BB0564A0094C42A /* BookCollectionViewCell.h */,
				BCD1B4B61BB0564A0094C42A /* BookCollectionViewCell.m */,
				BCC743D61BAA6F3300A3FE1D /* LoginViewController.h */,
				BCC743D71BAA6F3300A3FE1D /* LoginViewController.m */,
				BCC743D91BAA6F4E00A3FE1D /* SignUpViewController.h */,
				BCC743DA1BAA6F4E00A3FE1D /* SignUpViewController.m */,
				BCC743DC1BAA802800A3FE1D /* SettingsViewController.h */,
				BCC743DD1BAA802800A3FE1D /* SettingsViewController.m */,
				BCC743B11BA9CF2600A3FE1D /* MainStoryboard.storyboard */,
				BCC743981BA9CEF200A3FE1D /* Images.xcassets */,
				BCC7439A1BA9CEF200A3FE1D /* LaunchScreen.xib */,
				BCC743B91BA9D24E00A3FE1D /* Images */,
				BCC743911BA9CEF200A3FE1D /* Supporting Files */,
				BCD1B4B81BB0BF8E0094C42A /* BTSearchViewController.h */,
				BCD1B4B91BB0BF8E0094C42A /* BTSearchViewController.m */,
				BCD1B4BB1BB0C0DE0094C42A /* BTResultsDataSource.h */,
				BCD1B4BC1BB0C0DE0094C42A /* BTResultsDataSource.m */,
				BCD1B4BE1BB0C4F60094C42A /* BTAPIClient.h */,
				BCD1B4BF1BB0C4F60094C42A /* BTAPIClient.m */,
				BCD1B4C11BB0D4C80094C42A /* BookModel.h */,
				BCD1B4C21BB0D4C80094C42A /* BookModel.m */,
				BCD1B4C41BB0DDB00094C42A /* BTBookCollectionViewCell.h */,
				BCD1B4C51BB0DDB00094C42A /* BTBookCollectionViewCell.m */,
				BCD1B5021BB2FAE20094C42A /* BTBookCollectionViewCell.xib */,
				BC7E4D661BB370FF0035D24B /* BTBookViewController.h */,
				BC7E4D671BB370FF0035D24B /* BTBookViewController.m */,
			);
			path = BeThink;
			sourceTree = "<group>";
		};
		BCC743911BA9CEF200A3FE1D /* Supporting Files */ = {
			isa = PBXGroup;
			children = (
				BCC743921BA9CEF200A3FE1D /* Info.plist */,
				BCC743931BA9CEF200A3FE1D /* main.m */,
			);
			name = "Supporting Files";
			sourceTree = "<group>";
		};
		BCC743A41BA9CEF200A3FE1D /* BeThinkTests */ = {
			isa = PBXGroup;
			children = (
				BCC743A71BA9CEF200A3FE1D /* BeThinkTests.m */,
				BCC743A51BA9CEF200A3FE1D /* Supporting Files */,
			);
			path = BeThinkTests;
			sourceTree = "<group>";
		};
		BCC743A51BA9CEF200A3FE1D /* Supporting Files */ = {
			isa = PBXGroup;
			children = (
				BCC743A61BA9CEF200A3FE1D /* Info.plist */,
			);
			name = "Supporting Files";
			sourceTree = "<group>";
		};
		BCC743B91BA9D24E00A3FE1D /* Images */ = {
			isa = PBXGroup;
			children = (
				BCC743B31BA9D24300A3FE1D /* TabBar_BookShelf.png */,
				BCC743B41BA9D24300A3FE1D /* TabBar_Search.png */,
				BCC743B51BA9D24300A3FE1D /* TabBar_Settings.png */,
			);
			name = Images;
			path = ..;
			sourceTree = "<group>";
		};
		BCC743C11BAA6C3300A3FE1D /* Frameworks */ = {
			isa = PBXGroup;
			children = (
				BCC743C21BAA6CDE00A3FE1D /* AudioToolbox.framework */,
				BCC743C31BAA6CDE00A3FE1D /* CFNetwork.framework */,
				BCC743C41BAA6CDE00A3FE1D /* CoreGraphics.framework */,
				BCC743C51BAA6CDE00A3FE1D /* CoreLocation.framework */,
				BCC743C61BAA6CDE00A3FE1D /* libsqlite3.dylib */,
				BCC743C71BAA6CDE00A3FE1D /* libz.dylib */,
				BCC743C81BAA6CDE00A3FE1D /* QuartzCore.framework */,
				BCC743C91BAA6CDE00A3FE1D /* Security.framework */,
				BCC743CA1BAA6CDE00A3FE1D /* StoreKit.framework */,
				BCC743CB1BAA6CDE00A3FE1D /* SystemConfiguration.framework */,
				BCC743BD1BAA6C0700A3FE1D /* Bolts.framework */,
				BCC743BE1BAA6C0700A3FE1D /* Parse.framework */,
				12F06DF3AE40C12F04425BDA /* libPods-BeThink.a */,
			);
			name = Frameworks;
			sourceTree = "<group>";
		};
		F4C580E289E79893D779B7AF /* Pods */ = {
			isa = PBXGroup;
			children = (
				B8178744FB6E07E80CFC0CDE /* Pods-BeThink.debug.xcconfig */,
				80CCF2845155E4037D629294 /* Pods-BeThink.release.xcconfig */,
			);
			name = Pods;
			sourceTree = "<group>";
		};
/* End PBXGroup section */

/* Begin PBXNativeTarget section */
		BCC7438D1BA9CEF200A3FE1D /* BeThink */ = {
			isa = PBXNativeTarget;
			buildConfigurationList = BCC743AB1BA9CEF200A3FE1D /* Build configuration list for PBXNativeTarget "BeThink" */;
			buildPhases = (
				3BF7E9E48483A37C84ADD0B5 /* Check Pods Manifest.lock */,
				BCC7438A1BA9CEF200A3FE1D /* Sources */,
				BCC7438B1BA9CEF200A3FE1D /* Frameworks */,
				BCC7438C1BA9CEF200A3FE1D /* Resources */,
				1AF6E4DC2BEDAD8B13D375EF /* Copy Pods Resources */,
			);
			buildRules = (
			);
			dependencies = (
			);
			name = BeThink;
			productName = BeThink;
			productReference = BCC7438E1BA9CEF200A3FE1D /* BeThink.app */;
			productType = "com.apple.product-type.application";
		};
		BCC743A01BA9CEF200A3FE1D /* BeThinkTests */ = {
			isa = PBXNativeTarget;
			buildConfigurationList = BCC743AE1BA9CEF200A3FE1D /* Build configuration list for PBXNativeTarget "BeThinkTests" */;
			buildPhases = (
				BCC7439D1BA9CEF200A3FE1D /* Sources */,
				BCC7439E1BA9CEF200A3FE1D /* Frameworks */,
				BCC7439F1BA9CEF200A3FE1D /* Resources */,
			);
			buildRules = (
			);
			dependencies = (
				BCC743A31BA9CEF200A3FE1D /* PBXTargetDependency */,
			);
			name = BeThinkTests;
			productName = BeThinkTests;
			productReference = BCC743A11BA9CEF200A3FE1D /* BeThinkTests.xctest */;
			productType = "com.apple.product-type.bundle.unit-test";
		};
/* End PBXNativeTarget section */

/* Begin PBXProject section */
		BCC743861BA9CEF200A3FE1D /* Project object */ = {
			isa = PBXProject;
			attributes = {
				LastUpgradeCheck = 0700;
				ORGANIZATIONNAME = "Diego Aguirre";
				TargetAttributes = {
					BCC7438D1BA9CEF200A3FE1D = {
						CreatedOnToolsVersion = 6.4;
					};
					BCC743A01BA9CEF200A3FE1D = {
						CreatedOnToolsVersion = 6.4;
						TestTargetID = BCC7438D1BA9CEF200A3FE1D;
					};
				};
			};
			buildConfigurationList = BCC743891BA9CEF200A3FE1D /* Build configuration list for PBXProject "BeThink" */;
			compatibilityVersion = "Xcode 3.2";
			developmentRegion = English;
			hasScannedForEncodings = 0;
			knownRegions = (
				en,
				Base,
			);
			mainGroup = BCC743851BA9CEF200A3FE1D;
			productRefGroup = BCC7438F1BA9CEF200A3FE1D /* Products */;
			projectDirPath = "";
			projectRoot = "";
			targets = (
				BCC7438D1BA9CEF200A3FE1D /* BeThink */,
				BCC743A01BA9CEF200A3FE1D /* BeThinkTests */,
			);
		};
/* End PBXProject section */

/* Begin PBXResourcesBuildPhase section */
		BCC7438C1BA9CEF200A3FE1D /* Resources */ = {
			isa = PBXResourcesBuildPhase;
			buildActionMask = 2147483647;
			files = (
				BCC743B71BA9D24300A3FE1D /* TabBar_Search.png in Resources */,
				BCC743B21BA9CF2600A3FE1D /* MainStoryboard.storyboard in Resources */,
				BCC7439C1BA9CEF200A3FE1D /* LaunchScreen.xib in Resources */,
				BCC743991BA9CEF200A3FE1D /* Images.xcassets in Resources */,
				BCC743B81BA9D24300A3FE1D /* TabBar_Settings.png in Resources */,
				BCC743B61BA9D24300A3FE1D /* TabBar_BookShelf.png in Resources */,
				BCD1B5031BB2FAE20094C42A /* BTBookCollectionViewCell.xib in Resources */,
			);
			runOnlyForDeploymentPostprocessing = 0;
		};
		BCC7439F1BA9CEF200A3FE1D /* Resources */ = {
			isa = PBXResourcesBuildPhase;
			buildActionMask = 2147483647;
			files = (
			);
			runOnlyForDeploymentPostprocessing = 0;
		};
/* End PBXResourcesBuildPhase section */

/* Begin PBXShellScriptBuildPhase section */
		1AF6E4DC2BEDAD8B13D375EF /* Copy Pods Resources */ = {
			isa = PBXShellScriptBuildPhase;
			buildActionMask = 2147483647;
			files = (
			);
			inputPaths = (
			);
			name = "Copy Pods Resources";
			outputPaths = (
			);
			runOnlyForDeploymentPostprocessing = 0;
			shellPath = /bin/sh;
			shellScript = "\"${SRCROOT}/Pods/Target Support Files/Pods-BeThink/Pods-BeThink-resources.sh\"\n";
			showEnvVarsInLog = 0;
		};
		3BF7E9E48483A37C84ADD0B5 /* Check Pods Manifest.lock */ = {
			isa = PBXShellScriptBuildPhase;
			buildActionMask = 2147483647;
			files = (
			);
			inputPaths = (
			);
			name = "Check Pods Manifest.lock";
			outputPaths = (
			);
			runOnlyForDeploymentPostprocessing = 0;
			shellPath = /bin/sh;
			shellScript = "diff \"${PODS_ROOT}/../Podfile.lock\" \"${PODS_ROOT}/Manifest.lock\" > /dev/null\nif [[ $? != 0 ]] ; then\n    cat << EOM\nerror: The sandbox is not in sync with the Podfile.lock. Run 'pod install' or update your CocoaPods installation.\nEOM\n    exit 1\nfi\n";
			showEnvVarsInLog = 0;
		};
/* End PBXShellScriptBuildPhase section */

/* Begin PBXSourcesBuildPhase section */
		BCC7438A1BA9CEF200A3FE1D /* Sources */ = {
			isa = PBXSourcesBuildPhase;
			buildActionMask = 2147483647;
			files = (
				BCD1B4B71BB0564A0094C42A /* BookCollectionViewCell.m in Sources */,
				BCD1B4C31BB0D4C80094C42A /* BookModel.m in Sources */,
				BCCBFFB81BBB26840070C4E4 /* BookShelfDataSource.m in Sources */,
				BC7E4D681BB370FF0035D24B /* BTBookViewController.m in Sources */,
				BCC743D81BAA6F3300A3FE1D /* LoginViewController.m in Sources */,
				BCC743DB1BAA6F4F00A3FE1D /* SignUpViewController.m in Sources */,
				BCC743971BA9CEF200A3FE1D /* AppDelegate.m in Sources */,
				BCD1B4C71BB0DDB00094C42A /* BTBookCollectionViewCell.m in Sources */,
				BCD1B4BD1BB0C0DE0094C42A /* BTResultsDataSource.m in Sources */,
				BCC743DE1BAA802800A3FE1D /* SettingsViewController.m in Sources */,
				BCC743941BA9CEF200A3FE1D /* main.m in Sources */,
				BCD1B4C01BB0C4F60094C42A /* BTAPIClient.m in Sources */,
				BCD1B4BA1BB0BF8E0094C42A /* BTSearchViewController.m in Sources */,
				BCC743BC1BAA512100A3FE1D /* BookShelfCollectionViewController.m in Sources */,
			);
			runOnlyForDeploymentPostprocessing = 0;
		};
		BCC7439D1BA9CEF200A3FE1D /* Sources */ = {
			isa = PBXSourcesBuildPhase;
			buildActionMask = 2147483647;
			files = (
				BCC743A81BA9CEF200A3FE1D /* BeThinkTests.m in Sources */,
			);
			runOnlyForDeploymentPostprocessing = 0;
		};
/* End PBXSourcesBuildPhase section */

/* Begin PBXTargetDependency section */
		BCC743A31BA9CEF200A3FE1D /* PBXTargetDependency */ = {
			isa = PBXTargetDependency;
			target = BCC7438D1BA9CEF200A3FE1D /* BeThink */;
			targetProxy = BCC743A21BA9CEF200A3FE1D /* PBXContainerItemProxy */;
		};
/* End PBXTargetDependency section */

/* Begin PBXVariantGroup section */
		BCC7439A1BA9CEF200A3FE1D /* LaunchScreen.xib */ = {
			isa = PBXVariantGroup;
			children = (
				BCC7439B1BA9CEF200A3FE1D /* Base */,
			);
			name = LaunchScreen.xib;
			sourceTree = "<group>";
		};
/* End PBXVariantGroup section */

/* Begin XCBuildConfiguration section */
		BCC743A91BA9CEF200A3FE1D /* Debug */ = {
			isa = XCBuildConfiguration;
			buildSettings = {
				ALWAYS_SEARCH_USER_PATHS = NO;
				CLANG_CXX_LANGUAGE_STANDARD = "gnu++0x";
				CLANG_CXX_LIBRARY = "libc++";
				CLANG_ENABLE_MODULES = YES;
				CLANG_ENABLE_OBJC_ARC = YES;
				CLANG_WARN_BOOL_CONVERSION = YES;
				CLANG_WARN_CONSTANT_CONVERSION = YES;
				CLANG_WARN_DIRECT_OBJC_ISA_USAGE = YES_ERROR;
				CLANG_WARN_EMPTY_BODY = YES;
				CLANG_WARN_ENUM_CONVERSION = YES;
				CLANG_WARN_INT_CONVERSION = YES;
				CLANG_WARN_OBJC_ROOT_CLASS = YES_ERROR;
				CLANG_WARN_UNREACHABLE_CODE = YES;
				CLANG_WARN__DUPLICATE_METHOD_MATCH = YES;
				"CODE_SIGN_IDENTITY[sdk=iphoneos*]" = "iPhone Developer";
				COPY_PHASE_STRIP = NO;
				DEBUG_INFORMATION_FORMAT = "dwarf-with-dsym";
				ENABLE_STRICT_OBJC_MSGSEND = YES;
				GCC_C_LANGUAGE_STANDARD = gnu99;
				GCC_DYNAMIC_NO_PIC = NO;
				GCC_NO_COMMON_BLOCKS = YES;
				GCC_OPTIMIZATION_LEVEL = 0;
				GCC_PREPROCESSOR_DEFINITIONS = (
					"DEBUG=1",
					"$(inherited)",
				);
				GCC_SYMBOLS_PRIVATE_EXTERN = NO;
				GCC_WARN_64_TO_32_BIT_CONVERSION = YES;
				GCC_WARN_ABOUT_RETURN_TYPE = YES_ERROR;
				GCC_WARN_UNDECLARED_SELECTOR = YES;
				GCC_WARN_UNINITIALIZED_AUTOS = YES_AGGRESSIVE;
				GCC_WARN_UNUSED_FUNCTION = YES;
				GCC_WARN_UNUSED_VARIABLE = YES;
				IPHONEOS_DEPLOYMENT_TARGET = 8.4;
				MTL_ENABLE_DEBUG_INFO = YES;
				ONLY_ACTIVE_ARCH = YES;
				SDKROOT = iphoneos;
			};
			name = Debug;
		};
		BCC743AA1BA9CEF200A3FE1D /* Release */ = {
			isa = XCBuildConfiguration;
			buildSettings = {
				ALWAYS_SEARCH_USER_PATHS = NO;
				CLANG_CXX_LANGUAGE_STANDARD = "gnu++0x";
				CLANG_CXX_LIBRARY = "libc++";
				CLANG_ENABLE_MODULES = YES;
				CLANG_ENABLE_OBJC_ARC = YES;
				CLANG_WARN_BOOL_CONVERSION = YES;
				CLANG_WARN_CONSTANT_CONVERSION = YES;
				CLANG_WARN_DIRECT_OBJC_ISA_USAGE = YES_ERROR;
				CLANG_WARN_EMPTY_BODY = YES;
				CLANG_WARN_ENUM_CONVERSION = YES;
				CLANG_WARN_INT_CONVERSION = YES;
				CLANG_WARN_OBJC_ROOT_CLASS = YES_ERROR;
				CLANG_WARN_UNREACHABLE_CODE = YES;
				CLANG_WARN__DUPLICATE_METHOD_MATCH = YES;
				"CODE_SIGN_IDENTITY[sdk=iphoneos*]" = "iPhone Developer";
				COPY_PHASE_STRIP = NO;
				DEBUG_INFORMATION_FORMAT = "dwarf-with-dsym";
				ENABLE_NS_ASSERTIONS = NO;
				ENABLE_STRICT_OBJC_MSGSEND = YES;
				GCC_C_LANGUAGE_STANDARD = gnu99;
				GCC_NO_COMMON_BLOCKS = YES;
				GCC_WARN_64_TO_32_BIT_CONVERSION = YES;
				GCC_WARN_ABOUT_RETURN_TYPE = YES_ERROR;
				GCC_WARN_UNDECLARED_SELECTOR = YES;
				GCC_WARN_UNINITIALIZED_AUTOS = YES_AGGRESSIVE;
				GCC_WARN_UNUSED_FUNCTION = YES;
				GCC_WARN_UNUSED_VARIABLE = YES;
				IPHONEOS_DEPLOYMENT_TARGET = 8.4;
				MTL_ENABLE_DEBUG_INFO = NO;
				SDKROOT = iphoneos;
				VALIDATE_PRODUCT = YES;
			};
			name = Release;
		};
		BCC743AC1BA9CEF200A3FE1D /* Debug */ = {
			isa = XCBuildConfiguration;
			baseConfigurationReference = B8178744FB6E07E80CFC0CDE /* Pods-BeThink.debug.xcconfig */;
			buildSettings = {
				ASSETCATALOG_COMPILER_APPICON_NAME = AppIcon;
				FRAMEWORK_SEARCH_PATHS = (
					"$(inherited)",
					"$(PROJECT_DIR)",
				);
				INFOPLIST_FILE = BeThink/Info.plist;
				LD_RUNPATH_SEARCH_PATHS = "$(inherited) @executable_path/Frameworks";
				LIBRARY_SEARCH_PATHS = (
					"$(inherited)",
					/Users/diegoaguirre/Downloads/iOScURL,
				);
				PRODUCT_BUNDLE_IDENTIFIER = "com.diegoa3d.$(PRODUCT_NAME:rfc1034identifier)";
				PRODUCT_NAME = "$(TARGET_NAME)";
			};
			name = Debug;
		};
		BCC743AD1BA9CEF200A3FE1D /* Release */ = {
			isa = XCBuildConfiguration;
			baseConfigurationReference = 80CCF2845155E4037D629294 /* Pods-BeThink.release.xcconfig */;
			buildSettings = {
				ASSETCATALOG_COMPILER_APPICON_NAME = AppIcon;
				FRAMEWORK_SEARCH_PATHS = (
					"$(inherited)",
					"$(PROJECT_DIR)",
				);
				INFOPLIST_FILE = BeThink/Info.plist;
				LD_RUNPATH_SEARCH_PATHS = "$(inherited) @executable_path/Frameworks";
				LIBRARY_SEARCH_PATHS = (
					"$(inherited)",
					/Users/diegoaguirre/Downloads/iOScURL,
				);
				PRODUCT_BUNDLE_IDENTIFIER = "com.diegoa3d.$(PRODUCT_NAME:rfc1034identifier)";
				PRODUCT_NAME = "$(TARGET_NAME)";
			};
			name = Release;
		};
		BCC743AF1BA9CEF200A3FE1D /* Debug */ = {
			isa = XCBuildConfiguration;
			buildSettings = {
				BUNDLE_LOADER = "$(TEST_HOST)";
				FRAMEWORK_SEARCH_PATHS = (
					"$(SDKROOT)/Developer/Library/Frameworks",
					"$(inherited)",
				);
				GCC_PREPROCESSOR_DEFINITIONS = (
					"DEBUG=1",
					"$(inherited)",
				);
				INFOPLIST_FILE = BeThinkTests/Info.plist;
				LD_RUNPATH_SEARCH_PATHS = "$(inherited) @executable_path/Frameworks @loader_path/Frameworks";
				PRODUCT_NAME = "$(TARGET_NAME)";
				TEST_HOST = "$(BUILT_PRODUCTS_DIR)/BeThink.app/BeThink";
			};
			name = Debug;
		};
		BCC743B01BA9CEF200A3FE1D /* Release */ = {
			isa = XCBuildConfiguration;
			buildSettings = {
				BUNDLE_LOADER = "$(TEST_HOST)";
				FRAMEWORK_SEARCH_PATHS = (
					"$(SDKROOT)/Developer/Library/Frameworks",
					"$(inherited)",
				);
				INFOPLIST_FILE = BeThinkTests/Info.plist;
				LD_RUNPATH_SEARCH_PATHS = "$(inherited) @executable_path/Frameworks @loader_path/Frameworks";
				PRODUCT_NAME = "$(TARGET_NAME)";
				TEST_HOST = "$(BUILT_PRODUCTS_DIR)/BeThink.app/BeThink";
			};
			name = Release;
		};
/* End XCBuildConfiguration section */

/* Begin XCConfigurationList section */
		BCC743891BA9CEF200A3FE1D /* Build configuration list for PBXProject "BeThink" */ = {
			isa = XCConfigurationList;
			buildConfigurations = (
				BCC743A91BA9CEF200A3FE1D /* Debug */,
				BCC743AA1BA9CEF200A3FE1D /* Release */,
			);
			defaultConfigurationIsVisible = 0;
			defaultConfigurationName = Release;
		};
		BCC743AB1BA9CEF200A3FE1D /* Build configuration list for PBXNativeTarget "BeThink" */ = {
			isa = XCConfigurationList;
			buildConfigurations = (
				BCC743AC1BA9CEF200A3FE1D /* Debug */,
				BCC743AD1BA9CEF200A3FE1D /* Release */,
			);
			defaultConfigurationIsVisible = 0;
			defaultConfigurationName = Release;
		};
		BCC743AE1BA9CEF200A3FE1D /* Build configuration list for PBXNativeTarget "BeThinkTests" */ = {
			isa = XCConfigurationList;
			buildConfigurations = (
				BCC743AF1BA9CEF200A3FE1D /* Debug */,
				BCC743B01BA9CEF200A3FE1D /* Release */,
			);
			defaultConfigurationIsVisible = 0;
			defaultConfigurationName = Release;
		};
/* End XCConfigurationList section */
	};
	rootObject = BCC743861BA9CEF200A3FE1D /* Project object */;
}
